
Microsoft Visual Studio Solution File, Format Version 12.00
# Visual Studio Version 17
VisualStudioVersion = 17.5.33414.496
MinimumVisualStudioVersion = 10.0.40219.1
Project("{2150E333-8FDC-42A3-9474-1A3956D46DE8}") = "01 - Services", "01 - Services", "{76574B3C-79AE-411E-88C9-4D5143A0415F}"
EndProject
Project("{2150E333-8FDC-42A3-9474-1A3956D46DE8}") = "02 - Applications", "02 - Applications", "{BC9FC100-2CD0-4C6C-A09E-75B74DFF4D58}"
EndProject
Project("{2150E333-8FDC-42A3-9474-1A3956D46DE8}") = "03 - Domains", "03 - Domains", "{27A1A153-076A-4983-A667-233F9D659616}"
EndProject
Project("{2150E333-8FDC-42A3-9474-1A3956D46DE8}") = "04 - Infra", "04 - Infra", "{09A5BE48-4DB1-4077-B2F0-86E9A6B768B1}"
EndProject
Project("{2150E333-8FDC-42A3-9474-1A3956D46DE8}") = "03.1 - Core", "03.1 - Core", "{0F485A97-1BF6-457C-A3F8-516F90BDB7D5}"
EndProject
Project("{2150E333-8FDC-42A3-9474-1A3956D46DE8}") = "03.2 - Model", "03.2 - Model", "{9C975412-E3F2-4278-B59C-557573AF0C8E}"
EndProject
Project("{9A19103F-16F7-4668-BE54-9A1E7A4F7556}") = "Domain.Core", "src\Domain.Core\Domain.Core.csproj", "{944390CA-7941-45FF-BF26-B5E113A59F29}"
EndProject
Project("{9A19103F-16F7-4668-BE54-9A1E7A4F7556}") = "Domain.Model", "src\Domain.Model\Domain.Model.csproj", "{D3764465-DFA9-467E-9300-7EE42A012AFA}"
EndProject
Project("{2150E333-8FDC-42A3-9474-1A3956D46DE8}") = "04.1 - Data", "04.1 - Data", "{F1376CDE-51C6-46EF-94B9-B3E6EFC9CC73}"
EndProject
Project("{9A19103F-16F7-4668-BE54-9A1E7A4F7556}") = "Infra.Data", "src\Infra.Data\Infra.Data.csproj", "{71B7A24D-6E53-4CF3-9B9F-6584285DB626}"
EndProject
Project("{2150E333-8FDC-42A3-9474-1A3956D46DE8}") = "02.1 - Core", "02.1 - Core", "{E053A87D-8353-42E7-BC40-7B8FA3535A07}"
EndProject
Project("{2150E333-8FDC-42A3-9474-1A3956D46DE8}") = "02.2 - ViewModel", "02.2 - ViewModel", "{F2F14DB9-DD77-4139-BB5F-25AB81B5E76C}"
EndProject
Project("{9A19103F-16F7-4668-BE54-9A1E7A4F7556}") = "Application.Core", "src\Application.Core\Application.Core.csproj", "{A7485EB9-8345-4AF4-9DF6-1FB73C2BBA6B}"
EndProject
Project("{9A19103F-16F7-4668-BE54-9A1E7A4F7556}") = "Application.ViewModel", "src\Application.ViewModel\Application.ViewModel.csproj", "{C2CBFC5C-BE60-4933-8DC0-FF5592BE1637}"
EndProject
Project("{2150E333-8FDC-42A3-9474-1A3956D46DE8}") = "02.4 - Service", "02.4 - Service", "{9B13B4D4-F092-4AFC-B479-7DC6317F3A41}"
EndProject
Project("{9A19103F-16F7-4668-BE54-9A1E7A4F7556}") = "Application.Service", "src\Application.Service\Application.Service.csproj", "{A2B6F4D5-85E3-4178-A74B-31DD98F46F04}"
EndProject
Project("{2150E333-8FDC-42A3-9474-1A3956D46DE8}") = "02.3 - Mapper", "02.3 - Mapper", "{5CC5A7E1-F329-4F2E-8E7B-52880770DB83}"
EndProject
Project("{FAE04EC0-301F-11D3-BF4B-00C04F79EFBC}") = "Application.Mapper", "src\Application.Mapper\Application.Mapper.csproj", "{23030018-261A-489D-A715-F070B2D9A514}"
EndProject
Project("{2150E333-8FDC-42A3-9474-1A3956D46DE8}") = "01.1 - API", "01.1 - API", "{F4ED8DA2-598A-4B51-8A82-352154A6AB1D}"
EndProject
Project("{FAE04EC0-301F-11D3-BF4B-00C04F79EFBC}") = "Service.API.Task", "src\Service.API.Task\Service.API.Task.csproj", "{F44929A9-FE97-4CA1-A573-9118100124AA}"
EndProject
Project("{2150E333-8FDC-42A3-9474-1A3956D46DE8}") = "02.5 - Validators", "02.5 - Validators", "{8B4671BD-F95B-46EC-A0FA-7234EF1B0ADA}"
EndProject
Project("{FAE04EC0-301F-11D3-BF4B-00C04F79EFBC}") = "Application.Validator", "src\Application.Validator\Application.Validator.csproj", "{CA2B5277-E8AE-4AA5-ADF6-7B8F2C6B9811}"
EndProject
Project("{2150E333-8FDC-42A3-9474-1A3956D46DE8}") = "04.2 - CrossCutting", "04.2 - CrossCutting", "{557A64E5-0050-4F3F-9D16-3F1730B47762}"
EndProject
Project("{FAE04EC0-301F-11D3-BF4B-00C04F79EFBC}") = "Infra.CrossCutting", "src\Infra.CrossCutting\Infra.CrossCutting.csproj", "{2A36281B-DA87-406C-9400-B3F18D06ABFB}"
EndProject
Global
	GlobalSection(SolutionConfigurationPlatforms) = preSolution
		Debug|Any CPU = Debug|Any CPU
		Release|Any CPU = Release|Any CPU
	EndGlobalSection
	GlobalSection(ProjectConfigurationPlatforms) = postSolution
		{944390CA-7941-45FF-BF26-B5E113A59F29}.Debug|Any CPU.ActiveCfg = Debug|Any CPU
		{944390CA-7941-45FF-BF26-B5E113A59F29}.Debug|Any CPU.Build.0 = Debug|Any CPU
		{944390CA-7941-45FF-BF26-B5E113A59F29}.Release|Any CPU.ActiveCfg = Release|Any CPU
		{944390CA-7941-45FF-BF26-B5E113A59F29}.Release|Any CPU.Build.0 = Release|Any CPU
		{D3764465-DFA9-467E-9300-7EE42A012AFA}.Debug|Any CPU.ActiveCfg = Debug|Any CPU
		{D3764465-DFA9-467E-9300-7EE42A012AFA}.Debug|Any CPU.Build.0 = Debug|Any CPU
		{D3764465-DFA9-467E-9300-7EE42A012AFA}.Release|Any CPU.ActiveCfg = Release|Any CPU
		{D3764465-DFA9-467E-9300-7EE42A012AFA}.Release|Any CPU.Build.0 = Release|Any CPU
		{71B7A24D-6E53-4CF3-9B9F-6584285DB626}.Debug|Any CPU.ActiveCfg = Debug|Any CPU
		{71B7A24D-6E53-4CF3-9B9F-6584285DB626}.Debug|Any CPU.Build.0 = Debug|Any CPU
		{71B7A24D-6E53-4CF3-9B9F-6584285DB626}.Release|Any CPU.ActiveCfg = Release|Any CPU
		{71B7A24D-6E53-4CF3-9B9F-6584285DB626}.Release|Any CPU.Build.0 = Release|Any CPU
		{A7485EB9-8345-4AF4-9DF6-1FB73C2BBA6B}.Debug|Any CPU.ActiveCfg = Debug|Any CPU
		{A7485EB9-8345-4AF4-9DF6-1FB73C2BBA6B}.Debug|Any CPU.Build.0 = Debug|Any CPU
		{A7485EB9-8345-4AF4-9DF6-1FB73C2BBA6B}.Release|Any CPU.ActiveCfg = Release|Any CPU
		{A7485EB9-8345-4AF4-9DF6-1FB73C2BBA6B}.Release|Any CPU.Build.0 = Release|Any CPU
		{C2CBFC5C-BE60-4933-8DC0-FF5592BE1637}.Debug|Any CPU.ActiveCfg = Debug|Any CPU
		{C2CBFC5C-BE60-4933-8DC0-FF5592BE1637}.Debug|Any CPU.Build.0 = Debug|Any CPU
		{C2CBFC5C-BE60-4933-8DC0-FF5592BE1637}.Release|Any CPU.ActiveCfg = Release|Any CPU
		{C2CBFC5C-BE60-4933-8DC0-FF5592BE1637}.Release|Any CPU.Build.0 = Release|Any CPU
		{A2B6F4D5-85E3-4178-A74B-31DD98F46F04}.Debug|Any CPU.ActiveCfg = Debug|Any CPU
		{A2B6F4D5-85E3-4178-A74B-31DD98F46F04}.Debug|Any CPU.Build.0 = Debug|Any CPU
		{A2B6F4D5-85E3-4178-A74B-31DD98F46F04}.Release|Any CPU.ActiveCfg = Release|Any CPU
		{A2B6F4D5-85E3-4178-A74B-31DD98F46F04}.Release|Any CPU.Build.0 = Release|Any CPU
		{23030018-261A-489D-A715-F070B2D9A514}.Debug|Any CPU.ActiveCfg = Debug|Any CPU
		{23030018-261A-489D-A715-F070B2D9A514}.Debug|Any CPU.Build.0 = Debug|Any CPU
		{23030018-261A-489D-A715-F070B2D9A514}.Release|Any CPU.ActiveCfg = Release|Any CPU
		{23030018-261A-489D-A715-F070B2D9A514}.Release|Any CPU.Build.0 = Release|Any CPU
		{F44929A9-FE97-4CA1-A573-9118100124AA}.Debug|Any CPU.ActiveCfg = Debug|Any CPU
		{F44929A9-FE97-4CA1-A573-9118100124AA}.Debug|Any CPU.Build.0 = Debug|Any CPU
		{F44929A9-FE97-4CA1-A573-9118100124AA}.Release|Any CPU.ActiveCfg = Release|Any CPU
		{F44929A9-FE97-4CA1-A573-9118100124AA}.Release|Any CPU.Build.0 = Release|Any CPU
		{CA2B5277-E8AE-4AA5-ADF6-7B8F2C6B9811}.Debug|Any CPU.ActiveCfg = Debug|Any CPU
		{CA2B5277-E8AE-4AA5-ADF6-7B8F2C6B9811}.Debug|Any CPU.Build.0 = Debug|Any CPU
		{CA2B5277-E8AE-4AA5-ADF6-7B8F2C6B9811}.Release|Any CPU.ActiveCfg = Release|Any CPU
		{CA2B5277-E8AE-4AA5-ADF6-7B8F2C6B9811}.Release|Any CPU.Build.0 = Release|Any CPU
		{2A36281B-DA87-406C-9400-B3F18D06ABFB}.Debug|Any CPU.ActiveCfg = Debug|Any CPU
		{2A36281B-DA87-406C-9400-B3F18D06ABFB}.Debug|Any CPU.Build.0 = Debug|Any CPU
		{2A36281B-DA87-406C-9400-B3F18D06ABFB}.Release|Any CPU.ActiveCfg = Release|Any CPU
		{2A36281B-DA87-406C-9400-B3F18D06ABFB}.Release|Any CPU.Build.0 = Release|Any CPU
	EndGlobalSection
	GlobalSection(SolutionProperties) = preSolution
		HideSolutionNode = FALSE
	EndGlobalSection
	GlobalSection(NestedProjects) = preSolution
		{0F485A97-1BF6-457C-A3F8-516F90BDB7D5} = {27A1A153-076A-4983-A667-233F9D659616}
		{9C975412-E3F2-4278-B59C-557573AF0C8E} = {27A1A153-076A-4983-A667-233F9D659616}
		{944390CA-7941-45FF-BF26-B5E113A59F29} = {0F485A97-1BF6-457C-A3F8-516F90BDB7D5}
		{D3764465-DFA9-467E-9300-7EE42A012AFA} = {9C975412-E3F2-4278-B59C-557573AF0C8E}
		{F1376CDE-51C6-46EF-94B9-B3E6EFC9CC73} = {09A5BE48-4DB1-4077-B2F0-86E9A6B768B1}
		{71B7A24D-6E53-4CF3-9B9F-6584285DB626} = {F1376CDE-51C6-46EF-94B9-B3E6EFC9CC73}
		{E053A87D-8353-42E7-BC40-7B8FA3535A07} = {BC9FC100-2CD0-4C6C-A09E-75B74DFF4D58}
		{F2F14DB9-DD77-4139-BB5F-25AB81B5E76C} = {BC9FC100-2CD0-4C6C-A09E-75B74DFF4D58}
		{A7485EB9-8345-4AF4-9DF6-1FB73C2BBA6B} = {E053A87D-8353-42E7-BC40-7B8FA3535A07}
		{C2CBFC5C-BE60-4933-8DC0-FF5592BE1637} = {F2F14DB9-DD77-4139-BB5F-25AB81B5E76C}
		{9B13B4D4-F092-4AFC-B479-7DC6317F3A41} = {BC9FC100-2CD0-4C6C-A09E-75B74DFF4D58}
		{A2B6F4D5-85E3-4178-A74B-31DD98F46F04} = {9B13B4D4-F092-4AFC-B479-7DC6317F3A41}
		{5CC5A7E1-F329-4F2E-8E7B-52880770DB83} = {BC9FC100-2CD0-4C6C-A09E-75B74DFF4D58}
		{23030018-261A-489D-A715-F070B2D9A514} = {5CC5A7E1-F329-4F2E-8E7B-52880770DB83}
		{F4ED8DA2-598A-4B51-8A82-352154A6AB1D} = {76574B3C-79AE-411E-88C9-4D5143A0415F}
		{F44929A9-FE97-4CA1-A573-9118100124AA} = {F4ED8DA2-598A-4B51-8A82-352154A6AB1D}
		{8B4671BD-F95B-46EC-A0FA-7234EF1B0ADA} = {BC9FC100-2CD0-4C6C-A09E-75B74DFF4D58}
		{CA2B5277-E8AE-4AA5-ADF6-7B8F2C6B9811} = {8B4671BD-F95B-46EC-A0FA-7234EF1B0ADA}
		{557A64E5-0050-4F3F-9D16-3F1730B47762} = {09A5BE48-4DB1-4077-B2F0-86E9A6B768B1}
		{2A36281B-DA87-406C-9400-B3F18D06ABFB} = {557A64E5-0050-4F3F-9D16-3F1730B47762}
	EndGlobalSection
	GlobalSection(ExtensibilityGlobals) = postSolution
		SolutionGuid = {17A6EC40-A937-44E5-80D3-F9D406F1B67B}
	EndGlobalSection
EndGlobal
